
Microsoft Visual Studio Solution File, Format Version 12.00
# Visual Studio Version 17
VisualStudioVersion = 17.11.35222.181
MinimumVisualStudioVersion = 10.0.40219.1
Project("{FAE04EC0-301F-11D3-BF4B-00C04F79EFBC}") = "MethodDemo", "MethodDemo.csproj", "{3A0199F5-62A5-48C8-BCB2-A3C624B233FB}"
EndProject
Global
	GlobalSection(SolutionConfigurationPlatforms) = preSolution
		Debug|Any CPU = Debug|Any CPU
		Release|Any CPU = Release|Any CPU
	EndGlobalSection
	GlobalSection(ProjectConfigurationPlatforms) = postSolution
		{3A0199F5-62A5-48C8-BCB2-A3C624B233FB}.Debug|Any CPU.ActiveCfg = Debug|Any CPU
		{3A0199F5-62A5-48C8-BCB2-A3C624B233FB}.Debug|Any CPU.Build.0 = Debug|Any CPU
		{3A0199F5-62A5-48C8-BCB2-A3C624B233FB}.Release|Any CPU.ActiveCfg = Release|Any CPU
		{3A0199F5-62A5-48C8-BCB2-A3C624B233FB}.Release|Any CPU.Build.0 = Release|Any CPU
	EndGlobalSection
	GlobalSection(SolutionProperties) = preSolution
		HideSolutionNode = FALSE
	EndGlobalSection
	GlobalSection(ExtensibilityGlobals) = postSolution
		SolutionGuid = {ABF8AE14-6F49-458D-9576-886802CA687D}
	EndGlobalSection
EndGlobal
