
Microsoft Visual Studio Solution File, Format Version 12.00
# Visual Studio Version 17
VisualStudioVersion = 17.11.35222.181
MinimumVisualStudioVersion = 10.0.40219.1
Project("{FAE04EC0-301F-11D3-BF4B-00C04F79EFBC}") = "ArrayAndForEachDemo", "ArrayAndForEachDemo.csproj", "{DEBDDB00-7F94-4421-94D7-9902C78307C0}"
EndProject
Global
	GlobalSection(SolutionConfigurationPlatforms) = preSolution
		Debug|Any CPU = Debug|Any CPU
		Release|Any CPU = Release|Any CPU
	EndGlobalSection
	GlobalSection(ProjectConfigurationPlatforms) = postSolution
		{DEBDDB00-7F94-4421-94D7-9902C78307C0}.Debug|Any CPU.ActiveCfg = Debug|Any CPU
		{DEBDDB00-7F94-4421-94D7-9902C78307C0}.Debug|Any CPU.Build.0 = Debug|Any CPU
		{DEBDDB00-7F94-4421-94D7-9902C78307C0}.Release|Any CPU.ActiveCfg = Release|Any CPU
		{DEBDDB00-7F94-4421-94D7-9902C78307C0}.Release|Any CPU.Build.0 = Release|Any CPU
	EndGlobalSection
	GlobalSection(SolutionProperties) = preSolution
		HideSolutionNode = FALSE
	EndGlobalSection
	GlobalSection(ExtensibilityGlobals) = postSolution
		SolutionGuid = {26E0C79E-F619-4A6D-9034-B433A61BE681}
	EndGlobalSection
EndGlobal
