
Microsoft Visual Studio Solution File, Format Version 12.00
# Visual Studio Version 17
VisualStudioVersion = 17.4.33205.214
MinimumVisualStudioVersion = 10.0.40219.1
Project("{FAE04EC0-301F-11D3-BF4B-00C04F79EFBC}") = "HelloWorld", "HelloWorld.csproj", "{17F2FFB4-4116-4FEE-991E-9BF5D260E9CE}"
EndProject
Global
	GlobalSection(SolutionConfigurationPlatforms) = preSolution
		Debug|Any CPU = Debug|Any CPU
		Release|Any CPU = Release|Any CPU
	EndGlobalSection
	GlobalSection(ProjectConfigurationPlatforms) = postSolution
		{17F2FFB4-4116-4FEE-991E-9BF5D260E9CE}.Debug|Any CPU.ActiveCfg = Debug|Any CPU
		{17F2FFB4-4116-4FEE-991E-9BF5D260E9CE}.Debug|Any CPU.Build.0 = Debug|Any CPU
		{17F2FFB4-4116-4FEE-991E-9BF5D260E9CE}.Release|Any CPU.ActiveCfg = Release|Any CPU
		{17F2FFB4-4116-4FEE-991E-9BF5D260E9CE}.Release|Any CPU.Build.0 = Release|Any CPU
	EndGlobalSection
	GlobalSection(SolutionProperties) = preSolution
		HideSolutionNode = FALSE
	EndGlobalSection
	GlobalSection(ExtensibilityGlobals) = postSolution
		SolutionGuid = {3402D474-C12F-4DB4-860C-D9B6DDBAD703}
	EndGlobalSection
EndGlobal
