
Microsoft Visual Studio Solution File, Format Version 12.00
# Visual Studio Version 17
VisualStudioVersion = 17.11.35222.181
MinimumVisualStudioVersion = 10.0.40219.1
Project("{FAE04EC0-301F-11D3-BF4B-00C04F79EFBC}") = "BinaryAndCastingDemo", "BinaryAndCastingDemo.csproj", "{EABC93D4-B121-438A-B85B-CDA035D40395}"
EndProject
Global
	GlobalSection(SolutionConfigurationPlatforms) = preSolution
		Debug|Any CPU = Debug|Any CPU
		Release|Any CPU = Release|Any CPU
	EndGlobalSection
	GlobalSection(ProjectConfigurationPlatforms) = postSolution
		{EABC93D4-B121-438A-B85B-CDA035D40395}.Debug|Any CPU.ActiveCfg = Debug|Any CPU
		{EABC93D4-B121-438A-B85B-CDA035D40395}.Debug|Any CPU.Build.0 = Debug|Any CPU
		{EABC93D4-B121-438A-B85B-CDA035D40395}.Release|Any CPU.ActiveCfg = Release|Any CPU
		{EABC93D4-B121-438A-B85B-CDA035D40395}.Release|Any CPU.Build.0 = Release|Any CPU
	EndGlobalSection
	GlobalSection(SolutionProperties) = preSolution
		HideSolutionNode = FALSE
	EndGlobalSection
	GlobalSection(ExtensibilityGlobals) = postSolution
		SolutionGuid = {A8CC7B4D-AC05-43A6-91CF-E099A602026D}
	EndGlobalSection
EndGlobal
