
Microsoft Visual Studio Solution File, Format Version 12.00
# Visual Studio Version 17
VisualStudioVersion = 17.11.35222.181
MinimumVisualStudioVersion = 10.0.40219.1
Project("{FAE04EC0-301F-11D3-BF4B-00C04F79EFBC}") = "TextFileIODemo", "TextFileIODemo.csproj", "{FAE531DE-7747-4782-AA97-2BE30EA5D841}"
EndProject
Global
	GlobalSection(SolutionConfigurationPlatforms) = preSolution
		Debug|Any CPU = Debug|Any CPU
		Release|Any CPU = Release|Any CPU
	EndGlobalSection
	GlobalSection(ProjectConfigurationPlatforms) = postSolution
		{FAE531DE-7747-4782-AA97-2BE30EA5D841}.Debug|Any CPU.ActiveCfg = Debug|Any CPU
		{FAE531DE-7747-4782-AA97-2BE30EA5D841}.Debug|Any CPU.Build.0 = Debug|Any CPU
		{FAE531DE-7747-4782-AA97-2BE30EA5D841}.Release|Any CPU.ActiveCfg = Release|Any CPU
		{FAE531DE-7747-4782-AA97-2BE30EA5D841}.Release|Any CPU.Build.0 = Release|Any CPU
	EndGlobalSection
	GlobalSection(SolutionProperties) = preSolution
		HideSolutionNode = FALSE
	EndGlobalSection
	GlobalSection(ExtensibilityGlobals) = postSolution
		SolutionGuid = {6ED2FD2C-65ED-4E37-834B-D8429D724852}
	EndGlobalSection
EndGlobal
