
Microsoft Visual Studio Solution File, Format Version 12.00
# Visual Studio Version 17
VisualStudioVersion = 17.11.35222.181
MinimumVisualStudioVersion = 10.0.40219.1
Project("{FAE04EC0-301F-11D3-BF4B-00C04F79EFBC}") = "InterfaceDemo", "InterfaceDemo.csproj", "{EFD37975-3343-471E-96B4-42BCE895D362}"
EndProject
Global
	GlobalSection(SolutionConfigurationPlatforms) = preSolution
		Debug|Any CPU = Debug|Any CPU
		Release|Any CPU = Release|Any CPU
	EndGlobalSection
	GlobalSection(ProjectConfigurationPlatforms) = postSolution
		{EFD37975-3343-471E-96B4-42BCE895D362}.Debug|Any CPU.ActiveCfg = Debug|Any CPU
		{EFD37975-3343-471E-96B4-42BCE895D362}.Debug|Any CPU.Build.0 = Debug|Any CPU
		{EFD37975-3343-471E-96B4-42BCE895D362}.Release|Any CPU.ActiveCfg = Release|Any CPU
		{EFD37975-3343-471E-96B4-42BCE895D362}.Release|Any CPU.Build.0 = Release|Any CPU
	EndGlobalSection
	GlobalSection(SolutionProperties) = preSolution
		HideSolutionNode = FALSE
	EndGlobalSection
	GlobalSection(ExtensibilityGlobals) = postSolution
		SolutionGuid = {BF578BFE-1482-4191-9F88-7F6EEA918290}
	EndGlobalSection
EndGlobal
