
Microsoft Visual Studio Solution File, Format Version 12.00
# Visual Studio Version 17
VisualStudioVersion = 17.11.35222.181
MinimumVisualStudioVersion = 10.0.40219.1
Project("{FAE04EC0-301F-11D3-BF4B-00C04F79EFBC}") = "ExceptionDemo", "ExceptionDemo.csproj", "{AC1F350B-B18B-455D-A9F6-17731F9F5A43}"
EndProject
Global
	GlobalSection(SolutionConfigurationPlatforms) = preSolution
		Debug|Any CPU = Debug|Any CPU
		Release|Any CPU = Release|Any CPU
	EndGlobalSection
	GlobalSection(ProjectConfigurationPlatforms) = postSolution
		{AC1F350B-B18B-455D-A9F6-17731F9F5A43}.Debug|Any CPU.ActiveCfg = Debug|Any CPU
		{AC1F350B-B18B-455D-A9F6-17731F9F5A43}.Debug|Any CPU.Build.0 = Debug|Any CPU
		{AC1F350B-B18B-455D-A9F6-17731F9F5A43}.Release|Any CPU.ActiveCfg = Release|Any CPU
		{AC1F350B-B18B-455D-A9F6-17731F9F5A43}.Release|Any CPU.Build.0 = Release|Any CPU
	EndGlobalSection
	GlobalSection(SolutionProperties) = preSolution
		HideSolutionNode = FALSE
	EndGlobalSection
	GlobalSection(ExtensibilityGlobals) = postSolution
		SolutionGuid = {1EDA0266-D032-4F94-B29B-6CD8B702101C}
	EndGlobalSection
EndGlobal
